<?xml version="1.0" encoding="utf-8"?>
<Project ToolsVersion="4.0" xmlns="http://schemas.microsoft.com/developer/msbuild/2003">
  <ItemGroup>
    <Filter Include="Source Files">
      <UniqueIdentifier>{4FC737F1-C7A5-4376-A066-2A32D752A2FF}</UniqueIdentifier>
      <Extensions>cpp;c;cc;cxx;def;odl;idl;hpj;bat;asm;asmx</Extensions>
    </Filter>
    <Filter Include="Header Files">
      <UniqueIdentifier>{93995380-89BD-4b04-88EB-625FBE52EBFB}</UniqueIdentifier>
      <Extensions>h;hpp;hxx;hm;inl;inc;xsd</Extensions>
    </Filter>
    <Filter Include="Header Files\io">
      <UniqueIdentifier>{8a1420fe-ef8f-4abd-bdd2-80a5734844bc}</UniqueIdentifier>
    </Filter>
    <Filter Include="Header Files\memory">
      <UniqueIdentifier>{993343d9-8704-4670-8624-a6f5a0072cd7}</UniqueIdentifier>
    </Filter>
    <Filter Include="Header Files\process">
      <UniqueIdentifier>{14d0d3d7-34f7-480b-85c9-6b27177eff87}</UniqueIdentifier>
    </Filter>
    <Filter Include="Header Files\utils">
      <UniqueIdentifier>{09dd5666-fb10-485e-8c4d-536470abc1f9}</UniqueIdentifier>
    </Filter>
    <Filter Include="Header Files\thread">
      <UniqueIdentifier>{b5004452-c296-4540-90de-83293b83e9af}</UniqueIdentifier>
    </Filter>
    <Filter Include="Header Files\cleaning">
      <UniqueIdentifier>{3f41d68c-0fe0-4184-92a1-9663637a241d}</UniqueIdentifier>
    </Filter>
  </ItemGroup>
  <ItemGroup>
    <ClCompile Include="io\io.cpp">
      <Filter>Header Files\io</Filter>
    </ClCompile>
    <ClCompile Include="memory\memory.cpp">
      <Filter>Header Files\memory</Filter>
    </ClCompile>
    <ClCompile Include="main.cpp">
      <Filter>Source Files</Filter>
    </ClCompile>
    <ClCompile Include="utils\utils.cpp">
      <Filter>Header Files\utils</Filter>
    </ClCompile>
    <ClCompile Include="thread\thread.cpp">
      <Filter>Header Files\thread</Filter>
    </ClCompile>
    <ClCompile Include="cleaning\cleaning.cpp">
      <Filter>Header Files\cleaning</Filter>
    </ClCompile>
  </ItemGroup>
  <ItemGroup>
    <ClInclude Include="memory\memory.h">
      <Filter>Header Files\memory</Filter>
    </ClInclude>
    <ClInclude Include="process\process.h">
      <Filter>Header Files\process</Filter>
    </ClInclude>
    <ClInclude Include="io\io.h">
      <Filter>Header Files\io</Filter>
    </ClInclude>
    <ClInclude Include="utils\utils.h">
      <Filter>Header Files\utils</Filter>
    </ClInclude>
    <ClInclude Include="defs.h">
      <Filter>Header Files</Filter>
    </ClInclude>
    <ClInclude Include="thread\thread.h">
      <Filter>Header Files\thread</Filter>
    </ClInclude>
    <ClInclude Include="cleaning\cleaning.h">
      <Filter>Header Files\cleaning</Filter>
    </ClInclude>
  </ItemGroup>
</Project>